<?xml version="1.0" encoding="utf-8"?>
<Project ToolsVersion="4.0" xmlns="http://schemas.microsoft.com/developer/msbuild/2003">
  <ItemGroup>
    <Filter Include="Source Files">
      <UniqueIdentifier>{99f1acc1-3d1b-4592-ac6e-e06bcc23dbbf}</UniqueIdentifier>
    </Filter>
    <Filter Include="Header Files">
      <UniqueIdentifier>{bbcbb065-d127-4d47-a738-2919344d12a7}</UniqueIdentifier>
    </Filter>
  </ItemGroup>
  <ItemGroup>
    <ClCompile Include="main.cpp">
      <Filter>Source Files</Filter>
    </ClCompile>
    <ClCompile Include="TargetResultsTcp_test.cpp">
      <Filter>Source Files</Filter>
    </ClCompile>
    <ClCompile Include="TargetResults_test.cpp">
      <Filter>Source Files</Filter>
    </ClCompile>
    <ClCompile Include="NetworkUtil_test.cpp">
      <Filter>Source Files</Filter>
    </ClCompile>
  </ItemGroup>
  <ItemGroup>
    <Text Include="TEST_LIST">
      <Filter>Source Files</Filter>
    </Text>
  </ItemGroup>
</Project>