
Microsoft Visual Studio Solution File, Format Version 12.00
# Visual Studio 2012
Project("{888888A0-9F3D-457C-B088-3A5042F75D52}") = "LLAEAnalyzer", "LLAEAnalyzer.pyproj", "{29AB3E3E-739A-4AB6-B7BC-0B20E0128990}"
EndProject
Global
	GlobalSection(SolutionConfigurationPlatforms) = preSolution
		Debug|Any CPU = Debug|Any CPU
		Release|Any CPU = Release|Any CPU
	EndGlobalSection
	GlobalSection(ProjectConfigurationPlatforms) = postSolution
		{29AB3E3E-739A-4AB6-B7BC-0B20E0128990}.Debug|Any CPU.ActiveCfg = Debug|Any CPU
		{29AB3E3E-739A-4AB6-B7BC-0B20E0128990}.Release|Any CPU.ActiveCfg = Release|Any CPU
	EndGlobalSection
	GlobalSection(SolutionProperties) = preSolution
		HideSolutionNode = FALSE
	EndGlobalSection
EndGlobal
